
Microsoft Visual Studio Solution File, Format Version 12.00
# Visual Studio 2012
Project("{FAE04EC0-301F-11D3-BF4B-00C04F79EFBC}") = "DicePokerRT", "DicePokerRT.csproj", "{266AFB18-2A2B-4873-B567-C3501FB1B6E8}"
EndProject
Project("{FAE04EC0-301F-11D3-BF4B-00C04F79EFBC}") = "KniffelModelsPortable", "..\..\KniffelModelsPortable\KniffelModelsPortable.csproj", "{D8A1142D-030D-4513-8D05-3C5DF8F6641E}"
EndProject
Project("{FAE04EC0-301F-11D3-BF4B-00C04F79EFBC}") = "SanetModelsPortable", "..\..\..\Controls\SanetModelsPortable\SanetModels\SanetModelsPortable.csproj", "{8D17D7B1-6914-4E2A-881F-39D0E92E70ED}"
EndProject
Project("{F184B08F-C81C-45F6-A57F-5ABD9991F28F}") = "Sanet.Encryptor", "..\..\..\AllWrite\Sanet.Encryptor\Sanet.Encryptor.vbproj", "{984DD8D3-8FCD-47DC-A711-AE9B20492453}"
EndProject
Project("{FAE04EC0-301F-11D3-BF4B-00C04F79EFBC}") = "CloudServer", "..\CloudServer\CloudServer.csproj", "{0D34D525-77AF-46E5-BF12-62568E47AA44}"
EndProject
Project("{CC5FD16D-436D-48AD-A40C-5A424C6E3E79}") = "CloudServer.Azure", "..\CloudServer.Azure\CloudServer.Azure.ccproj", "{590C9BB5-F0EC-4F54-A271-24DEC1FC576D}"
EndProject
Project("{FAE04EC0-301F-11D3-BF4B-00C04F79EFBC}") = "ConsoleClient", "..\ConsoleKlient\ConsoleClient.csproj", "{5E9EA1C9-FD26-4E9A-81BD-B09CB145277E}"
EndProject
Project("{FAE04EC0-301F-11D3-BF4B-00C04F79EFBC}") = "MagicalYatzyOnline", "..\MagicalYatzyOnline\MagicalYatzyOnline.csproj", "{502C6096-E662-42C0-B951-E39DB7DD7F56}"
EndProject
Global
	GlobalSection(SolutionConfigurationPlatforms) = preSolution
		Debug|Any CPU = Debug|Any CPU
		Debug|ARM = Debug|ARM
		Debug|x64 = Debug|x64
		Debug|x86 = Debug|x86
		Release|Any CPU = Release|Any CPU
		Release|ARM = Release|ARM
		Release|x64 = Release|x64
		Release|x86 = Release|x86
	EndGlobalSection
	GlobalSection(ProjectConfigurationPlatforms) = postSolution
		{266AFB18-2A2B-4873-B567-C3501FB1B6E8}.Debug|Any CPU.ActiveCfg = Debug|Any CPU
		{266AFB18-2A2B-4873-B567-C3501FB1B6E8}.Debug|Any CPU.Build.0 = Debug|Any CPU
		{266AFB18-2A2B-4873-B567-C3501FB1B6E8}.Debug|Any CPU.Deploy.0 = Debug|Any CPU
		{266AFB18-2A2B-4873-B567-C3501FB1B6E8}.Debug|ARM.ActiveCfg = Debug|ARM
		{266AFB18-2A2B-4873-B567-C3501FB1B6E8}.Debug|ARM.Build.0 = Debug|ARM
		{266AFB18-2A2B-4873-B567-C3501FB1B6E8}.Debug|ARM.Deploy.0 = Debug|ARM
		{266AFB18-2A2B-4873-B567-C3501FB1B6E8}.Debug|x64.ActiveCfg = Debug|x64
		{266AFB18-2A2B-4873-B567-C3501FB1B6E8}.Debug|x64.Build.0 = Debug|x64
		{266AFB18-2A2B-4873-B567-C3501FB1B6E8}.Debug|x64.Deploy.0 = Debug|x64
		{266AFB18-2A2B-4873-B567-C3501FB1B6E8}.Debug|x86.ActiveCfg = Debug|x86
		{266AFB18-2A2B-4873-B567-C3501FB1B6E8}.Debug|x86.Build.0 = Debug|x86
		{266AFB18-2A2B-4873-B567-C3501FB1B6E8}.Debug|x86.Deploy.0 = Debug|x86
		{266AFB18-2A2B-4873-B567-C3501FB1B6E8}.Release|Any CPU.ActiveCfg = Release|Any CPU
		{266AFB18-2A2B-4873-B567-C3501FB1B6E8}.Release|Any CPU.Build.0 = Release|Any CPU
		{266AFB18-2A2B-4873-B567-C3501FB1B6E8}.Release|Any CPU.Deploy.0 = Release|Any CPU
		{266AFB18-2A2B-4873-B567-C3501FB1B6E8}.Release|ARM.ActiveCfg = Release|ARM
		{266AFB18-2A2B-4873-B567-C3501FB1B6E8}.Release|ARM.Build.0 = Release|ARM
		{266AFB18-2A2B-4873-B567-C3501FB1B6E8}.Release|ARM.Deploy.0 = Release|ARM
		{266AFB18-2A2B-4873-B567-C3501FB1B6E8}.Release|x64.ActiveCfg = Release|x64
		{266AFB18-2A2B-4873-B567-C3501FB1B6E8}.Release|x64.Build.0 = Release|x64
		{266AFB18-2A2B-4873-B567-C3501FB1B6E8}.Release|x64.Deploy.0 = Release|x64
		{266AFB18-2A2B-4873-B567-C3501FB1B6E8}.Release|x86.ActiveCfg = Release|x86
		{266AFB18-2A2B-4873-B567-C3501FB1B6E8}.Release|x86.Build.0 = Release|x86
		{266AFB18-2A2B-4873-B567-C3501FB1B6E8}.Release|x86.Deploy.0 = Release|x86
		{D8A1142D-030D-4513-8D05-3C5DF8F6641E}.Debug|Any CPU.ActiveCfg = Debug|Any CPU
		{D8A1142D-030D-4513-8D05-3C5DF8F6641E}.Debug|Any CPU.Build.0 = Debug|Any CPU
		{D8A1142D-030D-4513-8D05-3C5DF8F6641E}.Debug|ARM.ActiveCfg = Debug|Any CPU
		{D8A1142D-030D-4513-8D05-3C5DF8F6641E}.Debug|x64.ActiveCfg = Debug|Any CPU
		{D8A1142D-030D-4513-8D05-3C5DF8F6641E}.Debug|x86.ActiveCfg = Debug|Any CPU
		{D8A1142D-030D-4513-8D05-3C5DF8F6641E}.Release|Any CPU.ActiveCfg = Release|Any CPU
		{D8A1142D-030D-4513-8D05-3C5DF8F6641E}.Release|Any CPU.Build.0 = Release|Any CPU
		{D8A1142D-030D-4513-8D05-3C5DF8F6641E}.Release|ARM.ActiveCfg = Release|Any CPU
		{D8A1142D-030D-4513-8D05-3C5DF8F6641E}.Release|x64.ActiveCfg = Release|Any CPU
		{D8A1142D-030D-4513-8D05-3C5DF8F6641E}.Release|x86.ActiveCfg = Release|Any CPU
		{8D17D7B1-6914-4E2A-881F-39D0E92E70ED}.Debug|Any CPU.ActiveCfg = Debug|Any CPU
		{8D17D7B1-6914-4E2A-881F-39D0E92E70ED}.Debug|Any CPU.Build.0 = Debug|Any CPU
		{8D17D7B1-6914-4E2A-881F-39D0E92E70ED}.Debug|ARM.ActiveCfg = Debug|Any CPU
		{8D17D7B1-6914-4E2A-881F-39D0E92E70ED}.Debug|x64.ActiveCfg = Debug|Any CPU
		{8D17D7B1-6914-4E2A-881F-39D0E92E70ED}.Debug|x86.ActiveCfg = Debug|Any CPU
		{8D17D7B1-6914-4E2A-881F-39D0E92E70ED}.Release|Any CPU.ActiveCfg = Release|Any CPU
		{8D17D7B1-6914-4E2A-881F-39D0E92E70ED}.Release|Any CPU.Build.0 = Release|Any CPU
		{8D17D7B1-6914-4E2A-881F-39D0E92E70ED}.Release|ARM.ActiveCfg = Release|Any CPU
		{8D17D7B1-6914-4E2A-881F-39D0E92E70ED}.Release|x64.ActiveCfg = Release|Any CPU
		{8D17D7B1-6914-4E2A-881F-39D0E92E70ED}.Release|x86.ActiveCfg = Release|Any CPU
		{984DD8D3-8FCD-47DC-A711-AE9B20492453}.Debug|Any CPU.ActiveCfg = Debug|Any CPU
		{984DD8D3-8FCD-47DC-A711-AE9B20492453}.Debug|Any CPU.Build.0 = Debug|Any CPU
		{984DD8D3-8FCD-47DC-A711-AE9B20492453}.Debug|ARM.ActiveCfg = Debug|Any CPU
		{984DD8D3-8FCD-47DC-A711-AE9B20492453}.Debug|x64.ActiveCfg = Debug|Any CPU
		{984DD8D3-8FCD-47DC-A711-AE9B20492453}.Debug|x86.ActiveCfg = Debug|Any CPU
		{984DD8D3-8FCD-47DC-A711-AE9B20492453}.Release|Any CPU.ActiveCfg = Release|Any CPU
		{984DD8D3-8FCD-47DC-A711-AE9B20492453}.Release|Any CPU.Build.0 = Release|Any CPU
		{984DD8D3-8FCD-47DC-A711-AE9B20492453}.Release|ARM.ActiveCfg = Release|Any CPU
		{984DD8D3-8FCD-47DC-A711-AE9B20492453}.Release|x64.ActiveCfg = Release|Any CPU
		{984DD8D3-8FCD-47DC-A711-AE9B20492453}.Release|x86.ActiveCfg = Release|Any CPU
		{0D34D525-77AF-46E5-BF12-62568E47AA44}.Debug|Any CPU.ActiveCfg = Debug|Any CPU
		{0D34D525-77AF-46E5-BF12-62568E47AA44}.Debug|Any CPU.Build.0 = Debug|Any CPU
		{0D34D525-77AF-46E5-BF12-62568E47AA44}.Debug|ARM.ActiveCfg = Debug|Any CPU
		{0D34D525-77AF-46E5-BF12-62568E47AA44}.Debug|x64.ActiveCfg = Debug|Any CPU
		{0D34D525-77AF-46E5-BF12-62568E47AA44}.Debug|x86.ActiveCfg = Debug|Any CPU
		{0D34D525-77AF-46E5-BF12-62568E47AA44}.Release|Any CPU.ActiveCfg = Release|Any CPU
		{0D34D525-77AF-46E5-BF12-62568E47AA44}.Release|Any CPU.Build.0 = Release|Any CPU
		{0D34D525-77AF-46E5-BF12-62568E47AA44}.Release|ARM.ActiveCfg = Release|Any CPU
		{0D34D525-77AF-46E5-BF12-62568E47AA44}.Release|x64.ActiveCfg = Release|Any CPU
		{0D34D525-77AF-46E5-BF12-62568E47AA44}.Release|x86.ActiveCfg = Release|Any CPU
		{590C9BB5-F0EC-4F54-A271-24DEC1FC576D}.Debug|Any CPU.ActiveCfg = Debug|Any CPU
		{590C9BB5-F0EC-4F54-A271-24DEC1FC576D}.Debug|Any CPU.Build.0 = Debug|Any CPU
		{590C9BB5-F0EC-4F54-A271-24DEC1FC576D}.Debug|ARM.ActiveCfg = Debug|Any CPU
		{590C9BB5-F0EC-4F54-A271-24DEC1FC576D}.Debug|x64.ActiveCfg = Debug|Any CPU
		{590C9BB5-F0EC-4F54-A271-24DEC1FC576D}.Debug|x86.ActiveCfg = Debug|Any CPU
		{590C9BB5-F0EC-4F54-A271-24DEC1FC576D}.Release|Any CPU.ActiveCfg = Release|Any CPU
		{590C9BB5-F0EC-4F54-A271-24DEC1FC576D}.Release|Any CPU.Build.0 = Release|Any CPU
		{590C9BB5-F0EC-4F54-A271-24DEC1FC576D}.Release|ARM.ActiveCfg = Release|Any CPU
		{590C9BB5-F0EC-4F54-A271-24DEC1FC576D}.Release|x64.ActiveCfg = Release|Any CPU
		{590C9BB5-F0EC-4F54-A271-24DEC1FC576D}.Release|x86.ActiveCfg = Release|Any CPU
		{5E9EA1C9-FD26-4E9A-81BD-B09CB145277E}.Debug|Any CPU.ActiveCfg = Debug|Any CPU
		{5E9EA1C9-FD26-4E9A-81BD-B09CB145277E}.Debug|Any CPU.Build.0 = Debug|Any CPU
		{5E9EA1C9-FD26-4E9A-81BD-B09CB145277E}.Debug|ARM.ActiveCfg = Debug|Any CPU
		{5E9EA1C9-FD26-4E9A-81BD-B09CB145277E}.Debug|x64.ActiveCfg = Debug|Any CPU
		{5E9EA1C9-FD26-4E9A-81BD-B09CB145277E}.Debug|x86.ActiveCfg = Debug|Any CPU
		{5E9EA1C9-FD26-4E9A-81BD-B09CB145277E}.Release|Any CPU.ActiveCfg = Release|Any CPU
		{5E9EA1C9-FD26-4E9A-81BD-B09CB145277E}.Release|Any CPU.Build.0 = Release|Any CPU
		{5E9EA1C9-FD26-4E9A-81BD-B09CB145277E}.Release|ARM.ActiveCfg = Release|Any CPU
		{5E9EA1C9-FD26-4E9A-81BD-B09CB145277E}.Release|x64.ActiveCfg = Release|Any CPU
		{5E9EA1C9-FD26-4E9A-81BD-B09CB145277E}.Release|x86.ActiveCfg = Release|Any CPU
		{502C6096-E662-42C0-B951-E39DB7DD7F56}.Debug|Any CPU.ActiveCfg = Debug|Any CPU
		{502C6096-E662-42C0-B951-E39DB7DD7F56}.Debug|Any CPU.Build.0 = Debug|Any CPU
		{502C6096-E662-42C0-B951-E39DB7DD7F56}.Debug|Any CPU.Deploy.0 = Debug|Any CPU
		{502C6096-E662-42C0-B951-E39DB7DD7F56}.Debug|ARM.ActiveCfg = Debug|ARM
		{502C6096-E662-42C0-B951-E39DB7DD7F56}.Debug|ARM.Build.0 = Debug|ARM
		{502C6096-E662-42C0-B951-E39DB7DD7F56}.Debug|ARM.Deploy.0 = Debug|ARM
		{502C6096-E662-42C0-B951-E39DB7DD7F56}.Debug|x64.ActiveCfg = Debug|x64
		{502C6096-E662-42C0-B951-E39DB7DD7F56}.Debug|x64.Build.0 = Debug|x64
		{502C6096-E662-42C0-B951-E39DB7DD7F56}.Debug|x64.Deploy.0 = Debug|x64
		{502C6096-E662-42C0-B951-E39DB7DD7F56}.Debug|x86.ActiveCfg = Debug|x86
		{502C6096-E662-42C0-B951-E39DB7DD7F56}.Debug|x86.Build.0 = Debug|x86
		{502C6096-E662-42C0-B951-E39DB7DD7F56}.Debug|x86.Deploy.0 = Debug|x86
		{502C6096-E662-42C0-B951-E39DB7DD7F56}.Release|Any CPU.ActiveCfg = Release|Any CPU
		{502C6096-E662-42C0-B951-E39DB7DD7F56}.Release|Any CPU.Build.0 = Release|Any CPU
		{502C6096-E662-42C0-B951-E39DB7DD7F56}.Release|Any CPU.Deploy.0 = Release|Any CPU
		{502C6096-E662-42C0-B951-E39DB7DD7F56}.Release|ARM.ActiveCfg = Release|ARM
		{502C6096-E662-42C0-B951-E39DB7DD7F56}.Release|ARM.Build.0 = Release|ARM
		{502C6096-E662-42C0-B951-E39DB7DD7F56}.Release|ARM.Deploy.0 = Release|ARM
		{502C6096-E662-42C0-B951-E39DB7DD7F56}.Release|x64.ActiveCfg = Release|x64
		{502C6096-E662-42C0-B951-E39DB7DD7F56}.Release|x64.Build.0 = Release|x64
		{502C6096-E662-42C0-B951-E39DB7DD7F56}.Release|x64.Deploy.0 = Release|x64
		{502C6096-E662-42C0-B951-E39DB7DD7F56}.Release|x86.ActiveCfg = Release|x86
		{502C6096-E662-42C0-B951-E39DB7DD7F56}.Release|x86.Build.0 = Release|x86
		{502C6096-E662-42C0-B951-E39DB7DD7F56}.Release|x86.Deploy.0 = Release|x86
	EndGlobalSection
	GlobalSection(SolutionProperties) = preSolution
		HideSolutionNode = FALSE
	EndGlobalSection
EndGlobal
