
Microsoft Visual Studio Solution File, Format Version 12.00
# Visual Studio 14
VisualStudioVersion = 14.0.23107.0
MinimumVisualStudioVersion = 10.0.40219.1
Project("{FAE04EC0-301F-11D3-BF4B-00C04F79EFBC}") = "DiceRoller", "DiceRoller.csproj", "{F417DCAD-43D6-4CB8-B870-61B3F92D3659}"
EndProject
Project("{2150E333-8FDC-42A3-9474-1A3956D46DE8}") = "WP", "WP", "{3CC79ED7-06D9-4FAC-9B6B-5322A687AE3E}"
EndProject
Project("{2150E333-8FDC-42A3-9474-1A3956D46DE8}") = "XF", "XF", "{74121586-0764-4376-B7F2-95E782E9BFCA}"
EndProject
Project("{FAE04EC0-301F-11D3-BF4B-00C04F79EFBC}") = "DiceRollerXF", "..\DiceRollerXF\DiceRollerXF\DiceRollerXF.csproj", "{F038A222-1BA8-41A7-8C21-2BDD3AFB26FB}"
EndProject
Project("{FAE04EC0-301F-11D3-BF4B-00C04F79EFBC}") = "DiceRollerXF.Droid", "..\DiceRollerXF\DiceRollerXF.Droid\DiceRollerXF.Droid.csproj", "{27670F93-5E35-4CD9-9BB8-7696377EB6D1}"
EndProject
Project("{FAE04EC0-301F-11D3-BF4B-00C04F79EFBC}") = "DiceRollerXF.iOS", "..\DiceRollerXF\DiceRollerXF.iOS\DiceRollerXF.iOS.csproj", "{8EB585CF-D98A-4CAF-A36E-2F99934EF7F8}"
EndProject
Global
	GlobalSection(SolutionConfigurationPlatforms) = preSolution
		Ad-Hoc|Any CPU = Ad-Hoc|Any CPU
		Ad-Hoc|ARM = Ad-Hoc|ARM
		Ad-Hoc|iPhone = Ad-Hoc|iPhone
		Ad-Hoc|iPhoneSimulator = Ad-Hoc|iPhoneSimulator
		Ad-Hoc|x86 = Ad-Hoc|x86
		AppStore|Any CPU = AppStore|Any CPU
		AppStore|ARM = AppStore|ARM
		AppStore|iPhone = AppStore|iPhone
		AppStore|iPhoneSimulator = AppStore|iPhoneSimulator
		AppStore|x86 = AppStore|x86
		Debug|Any CPU = Debug|Any CPU
		Debug|ARM = Debug|ARM
		Debug|iPhone = Debug|iPhone
		Debug|iPhoneSimulator = Debug|iPhoneSimulator
		Debug|x86 = Debug|x86
		Release|Any CPU = Release|Any CPU
		Release|ARM = Release|ARM
		Release|iPhone = Release|iPhone
		Release|iPhoneSimulator = Release|iPhoneSimulator
		Release|x86 = Release|x86
	EndGlobalSection
	GlobalSection(ProjectConfigurationPlatforms) = postSolution
		{F417DCAD-43D6-4CB8-B870-61B3F92D3659}.Ad-Hoc|Any CPU.ActiveCfg = Release|Any CPU
		{F417DCAD-43D6-4CB8-B870-61B3F92D3659}.Ad-Hoc|Any CPU.Build.0 = Release|Any CPU
		{F417DCAD-43D6-4CB8-B870-61B3F92D3659}.Ad-Hoc|Any CPU.Deploy.0 = Release|Any CPU
		{F417DCAD-43D6-4CB8-B870-61B3F92D3659}.Ad-Hoc|ARM.ActiveCfg = Release|ARM
		{F417DCAD-43D6-4CB8-B870-61B3F92D3659}.Ad-Hoc|ARM.Build.0 = Release|ARM
		{F417DCAD-43D6-4CB8-B870-61B3F92D3659}.Ad-Hoc|ARM.Deploy.0 = Release|ARM
		{F417DCAD-43D6-4CB8-B870-61B3F92D3659}.Ad-Hoc|iPhone.ActiveCfg = Release|Any CPU
		{F417DCAD-43D6-4CB8-B870-61B3F92D3659}.Ad-Hoc|iPhone.Build.0 = Release|Any CPU
		{F417DCAD-43D6-4CB8-B870-61B3F92D3659}.Ad-Hoc|iPhone.Deploy.0 = Release|Any CPU
		{F417DCAD-43D6-4CB8-B870-61B3F92D3659}.Ad-Hoc|iPhoneSimulator.ActiveCfg = Release|Any CPU
		{F417DCAD-43D6-4CB8-B870-61B3F92D3659}.Ad-Hoc|iPhoneSimulator.Build.0 = Release|Any CPU
		{F417DCAD-43D6-4CB8-B870-61B3F92D3659}.Ad-Hoc|iPhoneSimulator.Deploy.0 = Release|Any CPU
		{F417DCAD-43D6-4CB8-B870-61B3F92D3659}.Ad-Hoc|x86.ActiveCfg = Release|x86
		{F417DCAD-43D6-4CB8-B870-61B3F92D3659}.Ad-Hoc|x86.Build.0 = Release|x86
		{F417DCAD-43D6-4CB8-B870-61B3F92D3659}.Ad-Hoc|x86.Deploy.0 = Release|x86
		{F417DCAD-43D6-4CB8-B870-61B3F92D3659}.AppStore|Any CPU.ActiveCfg = Release|Any CPU
		{F417DCAD-43D6-4CB8-B870-61B3F92D3659}.AppStore|Any CPU.Build.0 = Release|Any CPU
		{F417DCAD-43D6-4CB8-B870-61B3F92D3659}.AppStore|Any CPU.Deploy.0 = Release|Any CPU
		{F417DCAD-43D6-4CB8-B870-61B3F92D3659}.AppStore|ARM.ActiveCfg = Release|ARM
		{F417DCAD-43D6-4CB8-B870-61B3F92D3659}.AppStore|ARM.Build.0 = Release|ARM
		{F417DCAD-43D6-4CB8-B870-61B3F92D3659}.AppStore|ARM.Deploy.0 = Release|ARM
		{F417DCAD-43D6-4CB8-B870-61B3F92D3659}.AppStore|iPhone.ActiveCfg = Release|Any CPU
		{F417DCAD-43D6-4CB8-B870-61B3F92D3659}.AppStore|iPhone.Build.0 = Release|Any CPU
		{F417DCAD-43D6-4CB8-B870-61B3F92D3659}.AppStore|iPhone.Deploy.0 = Release|Any CPU
		{F417DCAD-43D6-4CB8-B870-61B3F92D3659}.AppStore|iPhoneSimulator.ActiveCfg = Release|Any CPU
		{F417DCAD-43D6-4CB8-B870-61B3F92D3659}.AppStore|iPhoneSimulator.Build.0 = Release|Any CPU
		{F417DCAD-43D6-4CB8-B870-61B3F92D3659}.AppStore|iPhoneSimulator.Deploy.0 = Release|Any CPU
		{F417DCAD-43D6-4CB8-B870-61B3F92D3659}.AppStore|x86.ActiveCfg = Release|x86
		{F417DCAD-43D6-4CB8-B870-61B3F92D3659}.AppStore|x86.Build.0 = Release|x86
		{F417DCAD-43D6-4CB8-B870-61B3F92D3659}.AppStore|x86.Deploy.0 = Release|x86
		{F417DCAD-43D6-4CB8-B870-61B3F92D3659}.Debug|Any CPU.ActiveCfg = Debug|Any CPU
		{F417DCAD-43D6-4CB8-B870-61B3F92D3659}.Debug|Any CPU.Build.0 = Debug|Any CPU
		{F417DCAD-43D6-4CB8-B870-61B3F92D3659}.Debug|Any CPU.Deploy.0 = Debug|Any CPU
		{F417DCAD-43D6-4CB8-B870-61B3F92D3659}.Debug|ARM.ActiveCfg = Debug|ARM
		{F417DCAD-43D6-4CB8-B870-61B3F92D3659}.Debug|ARM.Build.0 = Debug|ARM
		{F417DCAD-43D6-4CB8-B870-61B3F92D3659}.Debug|ARM.Deploy.0 = Debug|ARM
		{F417DCAD-43D6-4CB8-B870-61B3F92D3659}.Debug|iPhone.ActiveCfg = Debug|Any CPU
		{F417DCAD-43D6-4CB8-B870-61B3F92D3659}.Debug|iPhone.Build.0 = Debug|Any CPU
		{F417DCAD-43D6-4CB8-B870-61B3F92D3659}.Debug|iPhone.Deploy.0 = Debug|Any CPU
		{F417DCAD-43D6-4CB8-B870-61B3F92D3659}.Debug|iPhoneSimulator.ActiveCfg = Debug|Any CPU
		{F417DCAD-43D6-4CB8-B870-61B3F92D3659}.Debug|iPhoneSimulator.Build.0 = Debug|Any CPU
		{F417DCAD-43D6-4CB8-B870-61B3F92D3659}.Debug|iPhoneSimulator.Deploy.0 = Debug|Any CPU
		{F417DCAD-43D6-4CB8-B870-61B3F92D3659}.Debug|x86.ActiveCfg = Debug|x86
		{F417DCAD-43D6-4CB8-B870-61B3F92D3659}.Debug|x86.Build.0 = Debug|x86
		{F417DCAD-43D6-4CB8-B870-61B3F92D3659}.Debug|x86.Deploy.0 = Debug|x86
		{F417DCAD-43D6-4CB8-B870-61B3F92D3659}.Release|Any CPU.ActiveCfg = Release|Any CPU
		{F417DCAD-43D6-4CB8-B870-61B3F92D3659}.Release|Any CPU.Build.0 = Release|Any CPU
		{F417DCAD-43D6-4CB8-B870-61B3F92D3659}.Release|Any CPU.Deploy.0 = Release|Any CPU
		{F417DCAD-43D6-4CB8-B870-61B3F92D3659}.Release|ARM.ActiveCfg = Release|ARM
		{F417DCAD-43D6-4CB8-B870-61B3F92D3659}.Release|ARM.Build.0 = Release|ARM
		{F417DCAD-43D6-4CB8-B870-61B3F92D3659}.Release|ARM.Deploy.0 = Release|ARM
		{F417DCAD-43D6-4CB8-B870-61B3F92D3659}.Release|iPhone.ActiveCfg = Release|Any CPU
		{F417DCAD-43D6-4CB8-B870-61B3F92D3659}.Release|iPhone.Build.0 = Release|Any CPU
		{F417DCAD-43D6-4CB8-B870-61B3F92D3659}.Release|iPhone.Deploy.0 = Release|Any CPU
		{F417DCAD-43D6-4CB8-B870-61B3F92D3659}.Release|iPhoneSimulator.ActiveCfg = Release|Any CPU
		{F417DCAD-43D6-4CB8-B870-61B3F92D3659}.Release|iPhoneSimulator.Build.0 = Release|Any CPU
		{F417DCAD-43D6-4CB8-B870-61B3F92D3659}.Release|iPhoneSimulator.Deploy.0 = Release|Any CPU
		{F417DCAD-43D6-4CB8-B870-61B3F92D3659}.Release|x86.ActiveCfg = Release|x86
		{F417DCAD-43D6-4CB8-B870-61B3F92D3659}.Release|x86.Build.0 = Release|x86
		{F417DCAD-43D6-4CB8-B870-61B3F92D3659}.Release|x86.Deploy.0 = Release|x86
		{F038A222-1BA8-41A7-8C21-2BDD3AFB26FB}.Ad-Hoc|Any CPU.ActiveCfg = Release|Any CPU
		{F038A222-1BA8-41A7-8C21-2BDD3AFB26FB}.Ad-Hoc|Any CPU.Build.0 = Release|Any CPU
		{F038A222-1BA8-41A7-8C21-2BDD3AFB26FB}.Ad-Hoc|ARM.ActiveCfg = Release|Any CPU
		{F038A222-1BA8-41A7-8C21-2BDD3AFB26FB}.Ad-Hoc|ARM.Build.0 = Release|Any CPU
		{F038A222-1BA8-41A7-8C21-2BDD3AFB26FB}.Ad-Hoc|iPhone.ActiveCfg = Release|Any CPU
		{F038A222-1BA8-41A7-8C21-2BDD3AFB26FB}.Ad-Hoc|iPhone.Build.0 = Release|Any CPU
		{F038A222-1BA8-41A7-8C21-2BDD3AFB26FB}.Ad-Hoc|iPhoneSimulator.ActiveCfg = Release|Any CPU
		{F038A222-1BA8-41A7-8C21-2BDD3AFB26FB}.Ad-Hoc|iPhoneSimulator.Build.0 = Release|Any CPU
		{F038A222-1BA8-41A7-8C21-2BDD3AFB26FB}.Ad-Hoc|x86.ActiveCfg = Release|Any CPU
		{F038A222-1BA8-41A7-8C21-2BDD3AFB26FB}.Ad-Hoc|x86.Build.0 = Release|Any CPU
		{F038A222-1BA8-41A7-8C21-2BDD3AFB26FB}.AppStore|Any CPU.ActiveCfg = Release|Any CPU
		{F038A222-1BA8-41A7-8C21-2BDD3AFB26FB}.AppStore|Any CPU.Build.0 = Release|Any CPU
		{F038A222-1BA8-41A7-8C21-2BDD3AFB26FB}.AppStore|ARM.ActiveCfg = Release|Any CPU
		{F038A222-1BA8-41A7-8C21-2BDD3AFB26FB}.AppStore|ARM.Build.0 = Release|Any CPU
		{F038A222-1BA8-41A7-8C21-2BDD3AFB26FB}.AppStore|iPhone.ActiveCfg = Release|Any CPU
		{F038A222-1BA8-41A7-8C21-2BDD3AFB26FB}.AppStore|iPhone.Build.0 = Release|Any CPU
		{F038A222-1BA8-41A7-8C21-2BDD3AFB26FB}.AppStore|iPhoneSimulator.ActiveCfg = Release|Any CPU
		{F038A222-1BA8-41A7-8C21-2BDD3AFB26FB}.AppStore|iPhoneSimulator.Build.0 = Release|Any CPU
		{F038A222-1BA8-41A7-8C21-2BDD3AFB26FB}.AppStore|x86.ActiveCfg = Release|Any CPU
		{F038A222-1BA8-41A7-8C21-2BDD3AFB26FB}.AppStore|x86.Build.0 = Release|Any CPU
		{F038A222-1BA8-41A7-8C21-2BDD3AFB26FB}.Debug|Any CPU.ActiveCfg = Debug|Any CPU
		{F038A222-1BA8-41A7-8C21-2BDD3AFB26FB}.Debug|Any CPU.Build.0 = Debug|Any CPU
		{F038A222-1BA8-41A7-8C21-2BDD3AFB26FB}.Debug|ARM.ActiveCfg = Debug|Any CPU
		{F038A222-1BA8-41A7-8C21-2BDD3AFB26FB}.Debug|ARM.Build.0 = Debug|Any CPU
		{F038A222-1BA8-41A7-8C21-2BDD3AFB26FB}.Debug|iPhone.ActiveCfg = Debug|Any CPU
		{F038A222-1BA8-41A7-8C21-2BDD3AFB26FB}.Debug|iPhone.Build.0 = Debug|Any CPU
		{F038A222-1BA8-41A7-8C21-2BDD3AFB26FB}.Debug|iPhoneSimulator.ActiveCfg = Debug|Any CPU
		{F038A222-1BA8-41A7-8C21-2BDD3AFB26FB}.Debug|iPhoneSimulator.Build.0 = Debug|Any CPU
		{F038A222-1BA8-41A7-8C21-2BDD3AFB26FB}.Debug|x86.ActiveCfg = Debug|Any CPU
		{F038A222-1BA8-41A7-8C21-2BDD3AFB26FB}.Debug|x86.Build.0 = Debug|Any CPU
		{F038A222-1BA8-41A7-8C21-2BDD3AFB26FB}.Release|Any CPU.ActiveCfg = Release|Any CPU
		{F038A222-1BA8-41A7-8C21-2BDD3AFB26FB}.Release|Any CPU.Build.0 = Release|Any CPU
		{F038A222-1BA8-41A7-8C21-2BDD3AFB26FB}.Release|ARM.ActiveCfg = Release|Any CPU
		{F038A222-1BA8-41A7-8C21-2BDD3AFB26FB}.Release|ARM.Build.0 = Release|Any CPU
		{F038A222-1BA8-41A7-8C21-2BDD3AFB26FB}.Release|iPhone.ActiveCfg = Release|Any CPU
		{F038A222-1BA8-41A7-8C21-2BDD3AFB26FB}.Release|iPhone.Build.0 = Release|Any CPU
		{F038A222-1BA8-41A7-8C21-2BDD3AFB26FB}.Release|iPhoneSimulator.ActiveCfg = Release|Any CPU
		{F038A222-1BA8-41A7-8C21-2BDD3AFB26FB}.Release|iPhoneSimulator.Build.0 = Release|Any CPU
		{F038A222-1BA8-41A7-8C21-2BDD3AFB26FB}.Release|x86.ActiveCfg = Release|Any CPU
		{F038A222-1BA8-41A7-8C21-2BDD3AFB26FB}.Release|x86.Build.0 = Release|Any CPU
		{27670F93-5E35-4CD9-9BB8-7696377EB6D1}.Ad-Hoc|Any CPU.ActiveCfg = Release|Any CPU
		{27670F93-5E35-4CD9-9BB8-7696377EB6D1}.Ad-Hoc|Any CPU.Build.0 = Release|Any CPU
		{27670F93-5E35-4CD9-9BB8-7696377EB6D1}.Ad-Hoc|Any CPU.Deploy.0 = Release|Any CPU
		{27670F93-5E35-4CD9-9BB8-7696377EB6D1}.Ad-Hoc|ARM.ActiveCfg = Release|Any CPU
		{27670F93-5E35-4CD9-9BB8-7696377EB6D1}.Ad-Hoc|ARM.Build.0 = Release|Any CPU
		{27670F93-5E35-4CD9-9BB8-7696377EB6D1}.Ad-Hoc|ARM.Deploy.0 = Release|Any CPU
		{27670F93-5E35-4CD9-9BB8-7696377EB6D1}.Ad-Hoc|iPhone.ActiveCfg = Release|Any CPU
		{27670F93-5E35-4CD9-9BB8-7696377EB6D1}.Ad-Hoc|iPhone.Build.0 = Release|Any CPU
		{27670F93-5E35-4CD9-9BB8-7696377EB6D1}.Ad-Hoc|iPhone.Deploy.0 = Release|Any CPU
		{27670F93-5E35-4CD9-9BB8-7696377EB6D1}.Ad-Hoc|iPhoneSimulator.ActiveCfg = Release|Any CPU
		{27670F93-5E35-4CD9-9BB8-7696377EB6D1}.Ad-Hoc|iPhoneSimulator.Build.0 = Release|Any CPU
		{27670F93-5E35-4CD9-9BB8-7696377EB6D1}.Ad-Hoc|iPhoneSimulator.Deploy.0 = Release|Any CPU
		{27670F93-5E35-4CD9-9BB8-7696377EB6D1}.Ad-Hoc|x86.ActiveCfg = Release|Any CPU
		{27670F93-5E35-4CD9-9BB8-7696377EB6D1}.Ad-Hoc|x86.Build.0 = Release|Any CPU
		{27670F93-5E35-4CD9-9BB8-7696377EB6D1}.Ad-Hoc|x86.Deploy.0 = Release|Any CPU
		{27670F93-5E35-4CD9-9BB8-7696377EB6D1}.AppStore|Any CPU.ActiveCfg = Release|Any CPU
		{27670F93-5E35-4CD9-9BB8-7696377EB6D1}.AppStore|Any CPU.Build.0 = Release|Any CPU
		{27670F93-5E35-4CD9-9BB8-7696377EB6D1}.AppStore|Any CPU.Deploy.0 = Release|Any CPU
		{27670F93-5E35-4CD9-9BB8-7696377EB6D1}.AppStore|ARM.ActiveCfg = Release|Any CPU
		{27670F93-5E35-4CD9-9BB8-7696377EB6D1}.AppStore|ARM.Build.0 = Release|Any CPU
		{27670F93-5E35-4CD9-9BB8-7696377EB6D1}.AppStore|ARM.Deploy.0 = Release|Any CPU
		{27670F93-5E35-4CD9-9BB8-7696377EB6D1}.AppStore|iPhone.ActiveCfg = Release|Any CPU
		{27670F93-5E35-4CD9-9BB8-7696377EB6D1}.AppStore|iPhone.Build.0 = Release|Any CPU
		{27670F93-5E35-4CD9-9BB8-7696377EB6D1}.AppStore|iPhone.Deploy.0 = Release|Any CPU
		{27670F93-5E35-4CD9-9BB8-7696377EB6D1}.AppStore|iPhoneSimulator.ActiveCfg = Release|Any CPU
		{27670F93-5E35-4CD9-9BB8-7696377EB6D1}.AppStore|iPhoneSimulator.Build.0 = Release|Any CPU
		{27670F93-5E35-4CD9-9BB8-7696377EB6D1}.AppStore|iPhoneSimulator.Deploy.0 = Release|Any CPU
		{27670F93-5E35-4CD9-9BB8-7696377EB6D1}.AppStore|x86.ActiveCfg = Release|Any CPU
		{27670F93-5E35-4CD9-9BB8-7696377EB6D1}.AppStore|x86.Build.0 = Release|Any CPU
		{27670F93-5E35-4CD9-9BB8-7696377EB6D1}.AppStore|x86.Deploy.0 = Release|Any CPU
		{27670F93-5E35-4CD9-9BB8-7696377EB6D1}.Debug|Any CPU.ActiveCfg = Debug|Any CPU
		{27670F93-5E35-4CD9-9BB8-7696377EB6D1}.Debug|Any CPU.Build.0 = Debug|Any CPU
		{27670F93-5E35-4CD9-9BB8-7696377EB6D1}.Debug|Any CPU.Deploy.0 = Debug|Any CPU
		{27670F93-5E35-4CD9-9BB8-7696377EB6D1}.Debug|ARM.ActiveCfg = Debug|Any CPU
		{27670F93-5E35-4CD9-9BB8-7696377EB6D1}.Debug|ARM.Build.0 = Debug|Any CPU
		{27670F93-5E35-4CD9-9BB8-7696377EB6D1}.Debug|ARM.Deploy.0 = Debug|Any CPU
		{27670F93-5E35-4CD9-9BB8-7696377EB6D1}.Debug|iPhone.ActiveCfg = Debug|Any CPU
		{27670F93-5E35-4CD9-9BB8-7696377EB6D1}.Debug|iPhone.Build.0 = Debug|Any CPU
		{27670F93-5E35-4CD9-9BB8-7696377EB6D1}.Debug|iPhone.Deploy.0 = Debug|Any CPU
		{27670F93-5E35-4CD9-9BB8-7696377EB6D1}.Debug|iPhoneSimulator.ActiveCfg = Debug|Any CPU
		{27670F93-5E35-4CD9-9BB8-7696377EB6D1}.Debug|iPhoneSimulator.Build.0 = Debug|Any CPU
		{27670F93-5E35-4CD9-9BB8-7696377EB6D1}.Debug|iPhoneSimulator.Deploy.0 = Debug|Any CPU
		{27670F93-5E35-4CD9-9BB8-7696377EB6D1}.Debug|x86.ActiveCfg = Debug|Any CPU
		{27670F93-5E35-4CD9-9BB8-7696377EB6D1}.Debug|x86.Build.0 = Debug|Any CPU
		{27670F93-5E35-4CD9-9BB8-7696377EB6D1}.Debug|x86.Deploy.0 = Debug|Any CPU
		{27670F93-5E35-4CD9-9BB8-7696377EB6D1}.Release|Any CPU.ActiveCfg = Release|Any CPU
		{27670F93-5E35-4CD9-9BB8-7696377EB6D1}.Release|Any CPU.Build.0 = Release|Any CPU
		{27670F93-5E35-4CD9-9BB8-7696377EB6D1}.Release|Any CPU.Deploy.0 = Release|Any CPU
		{27670F93-5E35-4CD9-9BB8-7696377EB6D1}.Release|ARM.ActiveCfg = Release|Any CPU
		{27670F93-5E35-4CD9-9BB8-7696377EB6D1}.Release|ARM.Build.0 = Release|Any CPU
		{27670F93-5E35-4CD9-9BB8-7696377EB6D1}.Release|ARM.Deploy.0 = Release|Any CPU
		{27670F93-5E35-4CD9-9BB8-7696377EB6D1}.Release|iPhone.ActiveCfg = Release|Any CPU
		{27670F93-5E35-4CD9-9BB8-7696377EB6D1}.Release|iPhone.Build.0 = Release|Any CPU
		{27670F93-5E35-4CD9-9BB8-7696377EB6D1}.Release|iPhone.Deploy.0 = Release|Any CPU
		{27670F93-5E35-4CD9-9BB8-7696377EB6D1}.Release|iPhoneSimulator.ActiveCfg = Release|Any CPU
		{27670F93-5E35-4CD9-9BB8-7696377EB6D1}.Release|iPhoneSimulator.Build.0 = Release|Any CPU
		{27670F93-5E35-4CD9-9BB8-7696377EB6D1}.Release|iPhoneSimulator.Deploy.0 = Release|Any CPU
		{27670F93-5E35-4CD9-9BB8-7696377EB6D1}.Release|x86.ActiveCfg = Release|Any CPU
		{27670F93-5E35-4CD9-9BB8-7696377EB6D1}.Release|x86.Build.0 = Release|Any CPU
		{27670F93-5E35-4CD9-9BB8-7696377EB6D1}.Release|x86.Deploy.0 = Release|Any CPU
		{8EB585CF-D98A-4CAF-A36E-2F99934EF7F8}.Ad-Hoc|Any CPU.ActiveCfg = Ad-Hoc|iPhone
		{8EB585CF-D98A-4CAF-A36E-2F99934EF7F8}.Ad-Hoc|ARM.ActiveCfg = Ad-Hoc|iPhone
		{8EB585CF-D98A-4CAF-A36E-2F99934EF7F8}.Ad-Hoc|iPhone.ActiveCfg = Ad-Hoc|iPhone
		{8EB585CF-D98A-4CAF-A36E-2F99934EF7F8}.Ad-Hoc|iPhone.Build.0 = Ad-Hoc|iPhone
		{8EB585CF-D98A-4CAF-A36E-2F99934EF7F8}.Ad-Hoc|iPhoneSimulator.ActiveCfg = Ad-Hoc|iPhoneSimulator
		{8EB585CF-D98A-4CAF-A36E-2F99934EF7F8}.Ad-Hoc|iPhoneSimulator.Build.0 = Ad-Hoc|iPhoneSimulator
		{8EB585CF-D98A-4CAF-A36E-2F99934EF7F8}.Ad-Hoc|x86.ActiveCfg = Ad-Hoc|iPhone
		{8EB585CF-D98A-4CAF-A36E-2F99934EF7F8}.AppStore|Any CPU.ActiveCfg = AppStore|iPhone
		{8EB585CF-D98A-4CAF-A36E-2F99934EF7F8}.AppStore|ARM.ActiveCfg = AppStore|iPhone
		{8EB585CF-D98A-4CAF-A36E-2F99934EF7F8}.AppStore|iPhone.ActiveCfg = AppStore|iPhone
		{8EB585CF-D98A-4CAF-A36E-2F99934EF7F8}.AppStore|iPhone.Build.0 = AppStore|iPhone
		{8EB585CF-D98A-4CAF-A36E-2F99934EF7F8}.AppStore|iPhoneSimulator.ActiveCfg = AppStore|iPhoneSimulator
		{8EB585CF-D98A-4CAF-A36E-2F99934EF7F8}.AppStore|iPhoneSimulator.Build.0 = AppStore|iPhoneSimulator
		{8EB585CF-D98A-4CAF-A36E-2F99934EF7F8}.AppStore|x86.ActiveCfg = AppStore|iPhone
		{8EB585CF-D98A-4CAF-A36E-2F99934EF7F8}.Debug|Any CPU.ActiveCfg = Debug|iPhone
		{8EB585CF-D98A-4CAF-A36E-2F99934EF7F8}.Debug|ARM.ActiveCfg = Debug|iPhone
		{8EB585CF-D98A-4CAF-A36E-2F99934EF7F8}.Debug|iPhone.ActiveCfg = Debug|iPhone
		{8EB585CF-D98A-4CAF-A36E-2F99934EF7F8}.Debug|iPhone.Build.0 = Debug|iPhone
		{8EB585CF-D98A-4CAF-A36E-2F99934EF7F8}.Debug|iPhoneSimulator.ActiveCfg = Debug|iPhoneSimulator
		{8EB585CF-D98A-4CAF-A36E-2F99934EF7F8}.Debug|iPhoneSimulator.Build.0 = Debug|iPhoneSimulator
		{8EB585CF-D98A-4CAF-A36E-2F99934EF7F8}.Debug|x86.ActiveCfg = Debug|iPhone
		{8EB585CF-D98A-4CAF-A36E-2F99934EF7F8}.Release|Any CPU.ActiveCfg = Release|iPhone
		{8EB585CF-D98A-4CAF-A36E-2F99934EF7F8}.Release|ARM.ActiveCfg = Release|iPhone
		{8EB585CF-D98A-4CAF-A36E-2F99934EF7F8}.Release|iPhone.ActiveCfg = Release|iPhone
		{8EB585CF-D98A-4CAF-A36E-2F99934EF7F8}.Release|iPhone.Build.0 = Release|iPhone
		{8EB585CF-D98A-4CAF-A36E-2F99934EF7F8}.Release|iPhoneSimulator.ActiveCfg = Release|iPhoneSimulator
		{8EB585CF-D98A-4CAF-A36E-2F99934EF7F8}.Release|iPhoneSimulator.Build.0 = Release|iPhoneSimulator
		{8EB585CF-D98A-4CAF-A36E-2F99934EF7F8}.Release|x86.ActiveCfg = Release|iPhone
	EndGlobalSection
	GlobalSection(SolutionProperties) = preSolution
		HideSolutionNode = FALSE
	EndGlobalSection
	GlobalSection(NestedProjects) = preSolution
		{F417DCAD-43D6-4CB8-B870-61B3F92D3659} = {3CC79ED7-06D9-4FAC-9B6B-5322A687AE3E}
		{F038A222-1BA8-41A7-8C21-2BDD3AFB26FB} = {74121586-0764-4376-B7F2-95E782E9BFCA}
		{27670F93-5E35-4CD9-9BB8-7696377EB6D1} = {74121586-0764-4376-B7F2-95E782E9BFCA}
		{8EB585CF-D98A-4CAF-A36E-2F99934EF7F8} = {74121586-0764-4376-B7F2-95E782E9BFCA}
	EndGlobalSection
EndGlobal
