
Microsoft Visual Studio Solution File, Format Version 12.00
# Visual Studio 14
VisualStudioVersion = 14.0.23107.0
MinimumVisualStudioVersion = 10.0.40219.1
Project("{FAE04EC0-301F-11D3-BF4B-00C04F79EFBC}") = "MagicalYatzyXF", "MagicalYatzyXF\MagicalYatzyXF\MagicalYatzyXF.csproj", "{39DA51D3-0236-4054-B35C-B0E0898DC19B}"
EndProject
Project("{FAE04EC0-301F-11D3-BF4B-00C04F79EFBC}") = "MagicalYatzyXF.iOS", "MagicalYatzyXF\MagicalYatzyXF.iOS\MagicalYatzyXF.iOS.csproj", "{27FBD08C-E027-4B6F-AD1D-B64D536FCB7B}"
EndProject
Project("{FAE04EC0-301F-11D3-BF4B-00C04F79EFBC}") = "MagicalYatzyXF.Droid", "MagicalYatzyXF\MagicalYatzyXF.Droid\MagicalYatzyXF.Droid.csproj", "{DB8BD47D-C47F-4E66-8A86-9D70A812CA8F}"
EndProject
Project("{FAE04EC0-301F-11D3-BF4B-00C04F79EFBC}") = "MagicalYatzyXF.WinPhone", "MagicalYatzyXF\MagicalYatzyXF.WinPhone\MagicalYatzyXF.WinPhone.csproj", "{BA85CFBC-18C1-4523-919F-7DB323AC0FDB}"
EndProject
Project("{2150E333-8FDC-42A3-9474-1A3956D46DE8}") = "XF", "XF", "{04299BDA-D784-441A-BA3B-7D0F9D179555}"
EndProject
Project("{FAE04EC0-301F-11D3-BF4B-00C04F79EFBC}") = "MagicalYatzyPortable", "MagicalYatzyPortable\MagicalYatzyPortable.csproj", "{FCF004E8-F40A-431A-A06A-27FDC4F80845}"
EndProject
Global
	GlobalSection(SolutionConfigurationPlatforms) = preSolution
		Ad-Hoc|Any CPU = Ad-Hoc|Any CPU
		Ad-Hoc|ARM = Ad-Hoc|ARM
		Ad-Hoc|iPhone = Ad-Hoc|iPhone
		Ad-Hoc|iPhoneSimulator = Ad-Hoc|iPhoneSimulator
		Ad-Hoc|x86 = Ad-Hoc|x86
		AppStore|Any CPU = AppStore|Any CPU
		AppStore|ARM = AppStore|ARM
		AppStore|iPhone = AppStore|iPhone
		AppStore|iPhoneSimulator = AppStore|iPhoneSimulator
		AppStore|x86 = AppStore|x86
		Debug|Any CPU = Debug|Any CPU
		Debug|ARM = Debug|ARM
		Debug|iPhone = Debug|iPhone
		Debug|iPhoneSimulator = Debug|iPhoneSimulator
		Debug|x86 = Debug|x86
		Release|Any CPU = Release|Any CPU
		Release|ARM = Release|ARM
		Release|iPhone = Release|iPhone
		Release|iPhoneSimulator = Release|iPhoneSimulator
		Release|x86 = Release|x86
	EndGlobalSection
	GlobalSection(ProjectConfigurationPlatforms) = postSolution
		{39DA51D3-0236-4054-B35C-B0E0898DC19B}.Ad-Hoc|Any CPU.ActiveCfg = Release|Any CPU
		{39DA51D3-0236-4054-B35C-B0E0898DC19B}.Ad-Hoc|Any CPU.Build.0 = Release|Any CPU
		{39DA51D3-0236-4054-B35C-B0E0898DC19B}.Ad-Hoc|ARM.ActiveCfg = Release|Any CPU
		{39DA51D3-0236-4054-B35C-B0E0898DC19B}.Ad-Hoc|ARM.Build.0 = Release|Any CPU
		{39DA51D3-0236-4054-B35C-B0E0898DC19B}.Ad-Hoc|iPhone.ActiveCfg = Release|Any CPU
		{39DA51D3-0236-4054-B35C-B0E0898DC19B}.Ad-Hoc|iPhone.Build.0 = Release|Any CPU
		{39DA51D3-0236-4054-B35C-B0E0898DC19B}.Ad-Hoc|iPhoneSimulator.ActiveCfg = Release|Any CPU
		{39DA51D3-0236-4054-B35C-B0E0898DC19B}.Ad-Hoc|iPhoneSimulator.Build.0 = Release|Any CPU
		{39DA51D3-0236-4054-B35C-B0E0898DC19B}.Ad-Hoc|x86.ActiveCfg = Release|Any CPU
		{39DA51D3-0236-4054-B35C-B0E0898DC19B}.Ad-Hoc|x86.Build.0 = Release|Any CPU
		{39DA51D3-0236-4054-B35C-B0E0898DC19B}.AppStore|Any CPU.ActiveCfg = Release|Any CPU
		{39DA51D3-0236-4054-B35C-B0E0898DC19B}.AppStore|Any CPU.Build.0 = Release|Any CPU
		{39DA51D3-0236-4054-B35C-B0E0898DC19B}.AppStore|ARM.ActiveCfg = Release|Any CPU
		{39DA51D3-0236-4054-B35C-B0E0898DC19B}.AppStore|ARM.Build.0 = Release|Any CPU
		{39DA51D3-0236-4054-B35C-B0E0898DC19B}.AppStore|iPhone.ActiveCfg = Release|Any CPU
		{39DA51D3-0236-4054-B35C-B0E0898DC19B}.AppStore|iPhone.Build.0 = Release|Any CPU
		{39DA51D3-0236-4054-B35C-B0E0898DC19B}.AppStore|iPhoneSimulator.ActiveCfg = Release|Any CPU
		{39DA51D3-0236-4054-B35C-B0E0898DC19B}.AppStore|iPhoneSimulator.Build.0 = Release|Any CPU
		{39DA51D3-0236-4054-B35C-B0E0898DC19B}.AppStore|x86.ActiveCfg = Release|Any CPU
		{39DA51D3-0236-4054-B35C-B0E0898DC19B}.AppStore|x86.Build.0 = Release|Any CPU
		{39DA51D3-0236-4054-B35C-B0E0898DC19B}.Debug|Any CPU.ActiveCfg = Debug|Any CPU
		{39DA51D3-0236-4054-B35C-B0E0898DC19B}.Debug|Any CPU.Build.0 = Debug|Any CPU
		{39DA51D3-0236-4054-B35C-B0E0898DC19B}.Debug|ARM.ActiveCfg = Debug|Any CPU
		{39DA51D3-0236-4054-B35C-B0E0898DC19B}.Debug|ARM.Build.0 = Debug|Any CPU
		{39DA51D3-0236-4054-B35C-B0E0898DC19B}.Debug|iPhone.ActiveCfg = Debug|Any CPU
		{39DA51D3-0236-4054-B35C-B0E0898DC19B}.Debug|iPhone.Build.0 = Debug|Any CPU
		{39DA51D3-0236-4054-B35C-B0E0898DC19B}.Debug|iPhoneSimulator.ActiveCfg = Debug|Any CPU
		{39DA51D3-0236-4054-B35C-B0E0898DC19B}.Debug|iPhoneSimulator.Build.0 = Debug|Any CPU
		{39DA51D3-0236-4054-B35C-B0E0898DC19B}.Debug|x86.ActiveCfg = Debug|Any CPU
		{39DA51D3-0236-4054-B35C-B0E0898DC19B}.Debug|x86.Build.0 = Debug|Any CPU
		{39DA51D3-0236-4054-B35C-B0E0898DC19B}.Release|Any CPU.ActiveCfg = Release|Any CPU
		{39DA51D3-0236-4054-B35C-B0E0898DC19B}.Release|Any CPU.Build.0 = Release|Any CPU
		{39DA51D3-0236-4054-B35C-B0E0898DC19B}.Release|ARM.ActiveCfg = Release|Any CPU
		{39DA51D3-0236-4054-B35C-B0E0898DC19B}.Release|ARM.Build.0 = Release|Any CPU
		{39DA51D3-0236-4054-B35C-B0E0898DC19B}.Release|iPhone.ActiveCfg = Release|Any CPU
		{39DA51D3-0236-4054-B35C-B0E0898DC19B}.Release|iPhone.Build.0 = Release|Any CPU
		{39DA51D3-0236-4054-B35C-B0E0898DC19B}.Release|iPhoneSimulator.ActiveCfg = Release|Any CPU
		{39DA51D3-0236-4054-B35C-B0E0898DC19B}.Release|iPhoneSimulator.Build.0 = Release|Any CPU
		{39DA51D3-0236-4054-B35C-B0E0898DC19B}.Release|x86.ActiveCfg = Release|Any CPU
		{39DA51D3-0236-4054-B35C-B0E0898DC19B}.Release|x86.Build.0 = Release|Any CPU
		{27FBD08C-E027-4B6F-AD1D-B64D536FCB7B}.Ad-Hoc|Any CPU.ActiveCfg = Ad-Hoc|iPhone
		{27FBD08C-E027-4B6F-AD1D-B64D536FCB7B}.Ad-Hoc|ARM.ActiveCfg = Ad-Hoc|iPhone
		{27FBD08C-E027-4B6F-AD1D-B64D536FCB7B}.Ad-Hoc|iPhone.ActiveCfg = Ad-Hoc|iPhone
		{27FBD08C-E027-4B6F-AD1D-B64D536FCB7B}.Ad-Hoc|iPhone.Build.0 = Ad-Hoc|iPhone
		{27FBD08C-E027-4B6F-AD1D-B64D536FCB7B}.Ad-Hoc|iPhoneSimulator.ActiveCfg = Ad-Hoc|iPhoneSimulator
		{27FBD08C-E027-4B6F-AD1D-B64D536FCB7B}.Ad-Hoc|iPhoneSimulator.Build.0 = Ad-Hoc|iPhoneSimulator
		{27FBD08C-E027-4B6F-AD1D-B64D536FCB7B}.Ad-Hoc|x86.ActiveCfg = Ad-Hoc|iPhone
		{27FBD08C-E027-4B6F-AD1D-B64D536FCB7B}.AppStore|Any CPU.ActiveCfg = AppStore|iPhone
		{27FBD08C-E027-4B6F-AD1D-B64D536FCB7B}.AppStore|ARM.ActiveCfg = AppStore|iPhone
		{27FBD08C-E027-4B6F-AD1D-B64D536FCB7B}.AppStore|iPhone.ActiveCfg = AppStore|iPhone
		{27FBD08C-E027-4B6F-AD1D-B64D536FCB7B}.AppStore|iPhone.Build.0 = AppStore|iPhone
		{27FBD08C-E027-4B6F-AD1D-B64D536FCB7B}.AppStore|iPhoneSimulator.ActiveCfg = AppStore|iPhoneSimulator
		{27FBD08C-E027-4B6F-AD1D-B64D536FCB7B}.AppStore|iPhoneSimulator.Build.0 = AppStore|iPhoneSimulator
		{27FBD08C-E027-4B6F-AD1D-B64D536FCB7B}.AppStore|x86.ActiveCfg = AppStore|iPhone
		{27FBD08C-E027-4B6F-AD1D-B64D536FCB7B}.Debug|Any CPU.ActiveCfg = Debug|iPhone
		{27FBD08C-E027-4B6F-AD1D-B64D536FCB7B}.Debug|ARM.ActiveCfg = Debug|iPhone
		{27FBD08C-E027-4B6F-AD1D-B64D536FCB7B}.Debug|iPhone.ActiveCfg = Debug|iPhone
		{27FBD08C-E027-4B6F-AD1D-B64D536FCB7B}.Debug|iPhone.Build.0 = Debug|iPhone
		{27FBD08C-E027-4B6F-AD1D-B64D536FCB7B}.Debug|iPhoneSimulator.ActiveCfg = Debug|iPhoneSimulator
		{27FBD08C-E027-4B6F-AD1D-B64D536FCB7B}.Debug|iPhoneSimulator.Build.0 = Debug|iPhoneSimulator
		{27FBD08C-E027-4B6F-AD1D-B64D536FCB7B}.Debug|x86.ActiveCfg = Debug|iPhone
		{27FBD08C-E027-4B6F-AD1D-B64D536FCB7B}.Release|Any CPU.ActiveCfg = Release|iPhone
		{27FBD08C-E027-4B6F-AD1D-B64D536FCB7B}.Release|ARM.ActiveCfg = Release|iPhone
		{27FBD08C-E027-4B6F-AD1D-B64D536FCB7B}.Release|iPhone.ActiveCfg = Release|iPhone
		{27FBD08C-E027-4B6F-AD1D-B64D536FCB7B}.Release|iPhone.Build.0 = Release|iPhone
		{27FBD08C-E027-4B6F-AD1D-B64D536FCB7B}.Release|iPhoneSimulator.ActiveCfg = Release|iPhoneSimulator
		{27FBD08C-E027-4B6F-AD1D-B64D536FCB7B}.Release|iPhoneSimulator.Build.0 = Release|iPhoneSimulator
		{27FBD08C-E027-4B6F-AD1D-B64D536FCB7B}.Release|x86.ActiveCfg = Release|iPhone
		{DB8BD47D-C47F-4E66-8A86-9D70A812CA8F}.Ad-Hoc|Any CPU.ActiveCfg = Release|Any CPU
		{DB8BD47D-C47F-4E66-8A86-9D70A812CA8F}.Ad-Hoc|Any CPU.Build.0 = Release|Any CPU
		{DB8BD47D-C47F-4E66-8A86-9D70A812CA8F}.Ad-Hoc|Any CPU.Deploy.0 = Release|Any CPU
		{DB8BD47D-C47F-4E66-8A86-9D70A812CA8F}.Ad-Hoc|ARM.ActiveCfg = Release|Any CPU
		{DB8BD47D-C47F-4E66-8A86-9D70A812CA8F}.Ad-Hoc|ARM.Build.0 = Release|Any CPU
		{DB8BD47D-C47F-4E66-8A86-9D70A812CA8F}.Ad-Hoc|ARM.Deploy.0 = Release|Any CPU
		{DB8BD47D-C47F-4E66-8A86-9D70A812CA8F}.Ad-Hoc|iPhone.ActiveCfg = Release|Any CPU
		{DB8BD47D-C47F-4E66-8A86-9D70A812CA8F}.Ad-Hoc|iPhone.Build.0 = Release|Any CPU
		{DB8BD47D-C47F-4E66-8A86-9D70A812CA8F}.Ad-Hoc|iPhone.Deploy.0 = Release|Any CPU
		{DB8BD47D-C47F-4E66-8A86-9D70A812CA8F}.Ad-Hoc|iPhoneSimulator.ActiveCfg = Release|Any CPU
		{DB8BD47D-C47F-4E66-8A86-9D70A812CA8F}.Ad-Hoc|iPhoneSimulator.Build.0 = Release|Any CPU
		{DB8BD47D-C47F-4E66-8A86-9D70A812CA8F}.Ad-Hoc|iPhoneSimulator.Deploy.0 = Release|Any CPU
		{DB8BD47D-C47F-4E66-8A86-9D70A812CA8F}.Ad-Hoc|x86.ActiveCfg = Release|Any CPU
		{DB8BD47D-C47F-4E66-8A86-9D70A812CA8F}.Ad-Hoc|x86.Build.0 = Release|Any CPU
		{DB8BD47D-C47F-4E66-8A86-9D70A812CA8F}.Ad-Hoc|x86.Deploy.0 = Release|Any CPU
		{DB8BD47D-C47F-4E66-8A86-9D70A812CA8F}.AppStore|Any CPU.ActiveCfg = Release|Any CPU
		{DB8BD47D-C47F-4E66-8A86-9D70A812CA8F}.AppStore|Any CPU.Build.0 = Release|Any CPU
		{DB8BD47D-C47F-4E66-8A86-9D70A812CA8F}.AppStore|Any CPU.Deploy.0 = Release|Any CPU
		{DB8BD47D-C47F-4E66-8A86-9D70A812CA8F}.AppStore|ARM.ActiveCfg = Release|Any CPU
		{DB8BD47D-C47F-4E66-8A86-9D70A812CA8F}.AppStore|ARM.Build.0 = Release|Any CPU
		{DB8BD47D-C47F-4E66-8A86-9D70A812CA8F}.AppStore|ARM.Deploy.0 = Release|Any CPU
		{DB8BD47D-C47F-4E66-8A86-9D70A812CA8F}.AppStore|iPhone.ActiveCfg = Release|Any CPU
		{DB8BD47D-C47F-4E66-8A86-9D70A812CA8F}.AppStore|iPhone.Build.0 = Release|Any CPU
		{DB8BD47D-C47F-4E66-8A86-9D70A812CA8F}.AppStore|iPhone.Deploy.0 = Release|Any CPU
		{DB8BD47D-C47F-4E66-8A86-9D70A812CA8F}.AppStore|iPhoneSimulator.ActiveCfg = Release|Any CPU
		{DB8BD47D-C47F-4E66-8A86-9D70A812CA8F}.AppStore|iPhoneSimulator.Build.0 = Release|Any CPU
		{DB8BD47D-C47F-4E66-8A86-9D70A812CA8F}.AppStore|iPhoneSimulator.Deploy.0 = Release|Any CPU
		{DB8BD47D-C47F-4E66-8A86-9D70A812CA8F}.AppStore|x86.ActiveCfg = Release|Any CPU
		{DB8BD47D-C47F-4E66-8A86-9D70A812CA8F}.AppStore|x86.Build.0 = Release|Any CPU
		{DB8BD47D-C47F-4E66-8A86-9D70A812CA8F}.AppStore|x86.Deploy.0 = Release|Any CPU
		{DB8BD47D-C47F-4E66-8A86-9D70A812CA8F}.Debug|Any CPU.ActiveCfg = Debug|Any CPU
		{DB8BD47D-C47F-4E66-8A86-9D70A812CA8F}.Debug|Any CPU.Build.0 = Debug|Any CPU
		{DB8BD47D-C47F-4E66-8A86-9D70A812CA8F}.Debug|Any CPU.Deploy.0 = Debug|Any CPU
		{DB8BD47D-C47F-4E66-8A86-9D70A812CA8F}.Debug|ARM.ActiveCfg = Debug|Any CPU
		{DB8BD47D-C47F-4E66-8A86-9D70A812CA8F}.Debug|ARM.Build.0 = Debug|Any CPU
		{DB8BD47D-C47F-4E66-8A86-9D70A812CA8F}.Debug|ARM.Deploy.0 = Debug|Any CPU
		{DB8BD47D-C47F-4E66-8A86-9D70A812CA8F}.Debug|iPhone.ActiveCfg = Debug|Any CPU
		{DB8BD47D-C47F-4E66-8A86-9D70A812CA8F}.Debug|iPhone.Build.0 = Debug|Any CPU
		{DB8BD47D-C47F-4E66-8A86-9D70A812CA8F}.Debug|iPhone.Deploy.0 = Debug|Any CPU
		{DB8BD47D-C47F-4E66-8A86-9D70A812CA8F}.Debug|iPhoneSimulator.ActiveCfg = Debug|Any CPU
		{DB8BD47D-C47F-4E66-8A86-9D70A812CA8F}.Debug|iPhoneSimulator.Build.0 = Debug|Any CPU
		{DB8BD47D-C47F-4E66-8A86-9D70A812CA8F}.Debug|iPhoneSimulator.Deploy.0 = Debug|Any CPU
		{DB8BD47D-C47F-4E66-8A86-9D70A812CA8F}.Debug|x86.ActiveCfg = Debug|Any CPU
		{DB8BD47D-C47F-4E66-8A86-9D70A812CA8F}.Debug|x86.Build.0 = Debug|Any CPU
		{DB8BD47D-C47F-4E66-8A86-9D70A812CA8F}.Debug|x86.Deploy.0 = Debug|Any CPU
		{DB8BD47D-C47F-4E66-8A86-9D70A812CA8F}.Release|Any CPU.ActiveCfg = Release|Any CPU
		{DB8BD47D-C47F-4E66-8A86-9D70A812CA8F}.Release|Any CPU.Build.0 = Release|Any CPU
		{DB8BD47D-C47F-4E66-8A86-9D70A812CA8F}.Release|Any CPU.Deploy.0 = Release|Any CPU
		{DB8BD47D-C47F-4E66-8A86-9D70A812CA8F}.Release|ARM.ActiveCfg = Release|Any CPU
		{DB8BD47D-C47F-4E66-8A86-9D70A812CA8F}.Release|ARM.Build.0 = Release|Any CPU
		{DB8BD47D-C47F-4E66-8A86-9D70A812CA8F}.Release|ARM.Deploy.0 = Release|Any CPU
		{DB8BD47D-C47F-4E66-8A86-9D70A812CA8F}.Release|iPhone.ActiveCfg = Release|Any CPU
		{DB8BD47D-C47F-4E66-8A86-9D70A812CA8F}.Release|iPhone.Build.0 = Release|Any CPU
		{DB8BD47D-C47F-4E66-8A86-9D70A812CA8F}.Release|iPhone.Deploy.0 = Release|Any CPU
		{DB8BD47D-C47F-4E66-8A86-9D70A812CA8F}.Release|iPhoneSimulator.ActiveCfg = Release|Any CPU
		{DB8BD47D-C47F-4E66-8A86-9D70A812CA8F}.Release|iPhoneSimulator.Build.0 = Release|Any CPU
		{DB8BD47D-C47F-4E66-8A86-9D70A812CA8F}.Release|iPhoneSimulator.Deploy.0 = Release|Any CPU
		{DB8BD47D-C47F-4E66-8A86-9D70A812CA8F}.Release|x86.ActiveCfg = Release|Any CPU
		{DB8BD47D-C47F-4E66-8A86-9D70A812CA8F}.Release|x86.Build.0 = Release|Any CPU
		{DB8BD47D-C47F-4E66-8A86-9D70A812CA8F}.Release|x86.Deploy.0 = Release|Any CPU
		{BA85CFBC-18C1-4523-919F-7DB323AC0FDB}.Ad-Hoc|Any CPU.ActiveCfg = Release|Any CPU
		{BA85CFBC-18C1-4523-919F-7DB323AC0FDB}.Ad-Hoc|Any CPU.Build.0 = Release|Any CPU
		{BA85CFBC-18C1-4523-919F-7DB323AC0FDB}.Ad-Hoc|Any CPU.Deploy.0 = Release|Any CPU
		{BA85CFBC-18C1-4523-919F-7DB323AC0FDB}.Ad-Hoc|ARM.ActiveCfg = Release|ARM
		{BA85CFBC-18C1-4523-919F-7DB323AC0FDB}.Ad-Hoc|ARM.Build.0 = Release|ARM
		{BA85CFBC-18C1-4523-919F-7DB323AC0FDB}.Ad-Hoc|ARM.Deploy.0 = Release|ARM
		{BA85CFBC-18C1-4523-919F-7DB323AC0FDB}.Ad-Hoc|iPhone.ActiveCfg = Release|Any CPU
		{BA85CFBC-18C1-4523-919F-7DB323AC0FDB}.Ad-Hoc|iPhone.Build.0 = Release|Any CPU
		{BA85CFBC-18C1-4523-919F-7DB323AC0FDB}.Ad-Hoc|iPhone.Deploy.0 = Release|Any CPU
		{BA85CFBC-18C1-4523-919F-7DB323AC0FDB}.Ad-Hoc|iPhoneSimulator.ActiveCfg = Release|Any CPU
		{BA85CFBC-18C1-4523-919F-7DB323AC0FDB}.Ad-Hoc|iPhoneSimulator.Build.0 = Release|Any CPU
		{BA85CFBC-18C1-4523-919F-7DB323AC0FDB}.Ad-Hoc|iPhoneSimulator.Deploy.0 = Release|Any CPU
		{BA85CFBC-18C1-4523-919F-7DB323AC0FDB}.Ad-Hoc|x86.ActiveCfg = Release|x86
		{BA85CFBC-18C1-4523-919F-7DB323AC0FDB}.Ad-Hoc|x86.Build.0 = Release|x86
		{BA85CFBC-18C1-4523-919F-7DB323AC0FDB}.Ad-Hoc|x86.Deploy.0 = Release|x86
		{BA85CFBC-18C1-4523-919F-7DB323AC0FDB}.AppStore|Any CPU.ActiveCfg = Release|Any CPU
		{BA85CFBC-18C1-4523-919F-7DB323AC0FDB}.AppStore|Any CPU.Build.0 = Release|Any CPU
		{BA85CFBC-18C1-4523-919F-7DB323AC0FDB}.AppStore|Any CPU.Deploy.0 = Release|Any CPU
		{BA85CFBC-18C1-4523-919F-7DB323AC0FDB}.AppStore|ARM.ActiveCfg = Release|ARM
		{BA85CFBC-18C1-4523-919F-7DB323AC0FDB}.AppStore|ARM.Build.0 = Release|ARM
		{BA85CFBC-18C1-4523-919F-7DB323AC0FDB}.AppStore|ARM.Deploy.0 = Release|ARM
		{BA85CFBC-18C1-4523-919F-7DB323AC0FDB}.AppStore|iPhone.ActiveCfg = Release|Any CPU
		{BA85CFBC-18C1-4523-919F-7DB323AC0FDB}.AppStore|iPhone.Build.0 = Release|Any CPU
		{BA85CFBC-18C1-4523-919F-7DB323AC0FDB}.AppStore|iPhone.Deploy.0 = Release|Any CPU
		{BA85CFBC-18C1-4523-919F-7DB323AC0FDB}.AppStore|iPhoneSimulator.ActiveCfg = Release|Any CPU
		{BA85CFBC-18C1-4523-919F-7DB323AC0FDB}.AppStore|iPhoneSimulator.Build.0 = Release|Any CPU
		{BA85CFBC-18C1-4523-919F-7DB323AC0FDB}.AppStore|iPhoneSimulator.Deploy.0 = Release|Any CPU
		{BA85CFBC-18C1-4523-919F-7DB323AC0FDB}.AppStore|x86.ActiveCfg = Release|x86
		{BA85CFBC-18C1-4523-919F-7DB323AC0FDB}.AppStore|x86.Build.0 = Release|x86
		{BA85CFBC-18C1-4523-919F-7DB323AC0FDB}.AppStore|x86.Deploy.0 = Release|x86
		{BA85CFBC-18C1-4523-919F-7DB323AC0FDB}.Debug|Any CPU.ActiveCfg = Debug|Any CPU
		{BA85CFBC-18C1-4523-919F-7DB323AC0FDB}.Debug|Any CPU.Build.0 = Debug|Any CPU
		{BA85CFBC-18C1-4523-919F-7DB323AC0FDB}.Debug|Any CPU.Deploy.0 = Debug|Any CPU
		{BA85CFBC-18C1-4523-919F-7DB323AC0FDB}.Debug|ARM.ActiveCfg = Debug|ARM
		{BA85CFBC-18C1-4523-919F-7DB323AC0FDB}.Debug|ARM.Build.0 = Debug|ARM
		{BA85CFBC-18C1-4523-919F-7DB323AC0FDB}.Debug|ARM.Deploy.0 = Debug|ARM
		{BA85CFBC-18C1-4523-919F-7DB323AC0FDB}.Debug|iPhone.ActiveCfg = Debug|Any CPU
		{BA85CFBC-18C1-4523-919F-7DB323AC0FDB}.Debug|iPhone.Build.0 = Debug|Any CPU
		{BA85CFBC-18C1-4523-919F-7DB323AC0FDB}.Debug|iPhone.Deploy.0 = Debug|Any CPU
		{BA85CFBC-18C1-4523-919F-7DB323AC0FDB}.Debug|iPhoneSimulator.ActiveCfg = Debug|Any CPU
		{BA85CFBC-18C1-4523-919F-7DB323AC0FDB}.Debug|iPhoneSimulator.Build.0 = Debug|Any CPU
		{BA85CFBC-18C1-4523-919F-7DB323AC0FDB}.Debug|iPhoneSimulator.Deploy.0 = Debug|Any CPU
		{BA85CFBC-18C1-4523-919F-7DB323AC0FDB}.Debug|x86.ActiveCfg = Debug|x86
		{BA85CFBC-18C1-4523-919F-7DB323AC0FDB}.Debug|x86.Build.0 = Debug|x86
		{BA85CFBC-18C1-4523-919F-7DB323AC0FDB}.Debug|x86.Deploy.0 = Debug|x86
		{BA85CFBC-18C1-4523-919F-7DB323AC0FDB}.Release|Any CPU.ActiveCfg = Release|Any CPU
		{BA85CFBC-18C1-4523-919F-7DB323AC0FDB}.Release|Any CPU.Build.0 = Release|Any CPU
		{BA85CFBC-18C1-4523-919F-7DB323AC0FDB}.Release|Any CPU.Deploy.0 = Release|Any CPU
		{BA85CFBC-18C1-4523-919F-7DB323AC0FDB}.Release|ARM.ActiveCfg = Release|ARM
		{BA85CFBC-18C1-4523-919F-7DB323AC0FDB}.Release|ARM.Build.0 = Release|ARM
		{BA85CFBC-18C1-4523-919F-7DB323AC0FDB}.Release|ARM.Deploy.0 = Release|ARM
		{BA85CFBC-18C1-4523-919F-7DB323AC0FDB}.Release|iPhone.ActiveCfg = Release|Any CPU
		{BA85CFBC-18C1-4523-919F-7DB323AC0FDB}.Release|iPhone.Build.0 = Release|Any CPU
		{BA85CFBC-18C1-4523-919F-7DB323AC0FDB}.Release|iPhone.Deploy.0 = Release|Any CPU
		{BA85CFBC-18C1-4523-919F-7DB323AC0FDB}.Release|iPhoneSimulator.ActiveCfg = Release|Any CPU
		{BA85CFBC-18C1-4523-919F-7DB323AC0FDB}.Release|iPhoneSimulator.Build.0 = Release|Any CPU
		{BA85CFBC-18C1-4523-919F-7DB323AC0FDB}.Release|iPhoneSimulator.Deploy.0 = Release|Any CPU
		{BA85CFBC-18C1-4523-919F-7DB323AC0FDB}.Release|x86.ActiveCfg = Release|x86
		{BA85CFBC-18C1-4523-919F-7DB323AC0FDB}.Release|x86.Build.0 = Release|x86
		{BA85CFBC-18C1-4523-919F-7DB323AC0FDB}.Release|x86.Deploy.0 = Release|x86
		{FCF004E8-F40A-431A-A06A-27FDC4F80845}.Ad-Hoc|Any CPU.ActiveCfg = Release|Any CPU
		{FCF004E8-F40A-431A-A06A-27FDC4F80845}.Ad-Hoc|Any CPU.Build.0 = Release|Any CPU
		{FCF004E8-F40A-431A-A06A-27FDC4F80845}.Ad-Hoc|ARM.ActiveCfg = Release|Any CPU
		{FCF004E8-F40A-431A-A06A-27FDC4F80845}.Ad-Hoc|ARM.Build.0 = Release|Any CPU
		{FCF004E8-F40A-431A-A06A-27FDC4F80845}.Ad-Hoc|iPhone.ActiveCfg = Release|Any CPU
		{FCF004E8-F40A-431A-A06A-27FDC4F80845}.Ad-Hoc|iPhone.Build.0 = Release|Any CPU
		{FCF004E8-F40A-431A-A06A-27FDC4F80845}.Ad-Hoc|iPhoneSimulator.ActiveCfg = Release|Any CPU
		{FCF004E8-F40A-431A-A06A-27FDC4F80845}.Ad-Hoc|iPhoneSimulator.Build.0 = Release|Any CPU
		{FCF004E8-F40A-431A-A06A-27FDC4F80845}.Ad-Hoc|x86.ActiveCfg = Release|Any CPU
		{FCF004E8-F40A-431A-A06A-27FDC4F80845}.Ad-Hoc|x86.Build.0 = Release|Any CPU
		{FCF004E8-F40A-431A-A06A-27FDC4F80845}.AppStore|Any CPU.ActiveCfg = Release|Any CPU
		{FCF004E8-F40A-431A-A06A-27FDC4F80845}.AppStore|Any CPU.Build.0 = Release|Any CPU
		{FCF004E8-F40A-431A-A06A-27FDC4F80845}.AppStore|ARM.ActiveCfg = Release|Any CPU
		{FCF004E8-F40A-431A-A06A-27FDC4F80845}.AppStore|ARM.Build.0 = Release|Any CPU
		{FCF004E8-F40A-431A-A06A-27FDC4F80845}.AppStore|iPhone.ActiveCfg = Release|Any CPU
		{FCF004E8-F40A-431A-A06A-27FDC4F80845}.AppStore|iPhone.Build.0 = Release|Any CPU
		{FCF004E8-F40A-431A-A06A-27FDC4F80845}.AppStore|iPhoneSimulator.ActiveCfg = Release|Any CPU
		{FCF004E8-F40A-431A-A06A-27FDC4F80845}.AppStore|iPhoneSimulator.Build.0 = Release|Any CPU
		{FCF004E8-F40A-431A-A06A-27FDC4F80845}.AppStore|x86.ActiveCfg = Release|Any CPU
		{FCF004E8-F40A-431A-A06A-27FDC4F80845}.AppStore|x86.Build.0 = Release|Any CPU
		{FCF004E8-F40A-431A-A06A-27FDC4F80845}.Debug|Any CPU.ActiveCfg = Debug|Any CPU
		{FCF004E8-F40A-431A-A06A-27FDC4F80845}.Debug|Any CPU.Build.0 = Debug|Any CPU
		{FCF004E8-F40A-431A-A06A-27FDC4F80845}.Debug|ARM.ActiveCfg = Debug|Any CPU
		{FCF004E8-F40A-431A-A06A-27FDC4F80845}.Debug|ARM.Build.0 = Debug|Any CPU
		{FCF004E8-F40A-431A-A06A-27FDC4F80845}.Debug|iPhone.ActiveCfg = Debug|Any CPU
		{FCF004E8-F40A-431A-A06A-27FDC4F80845}.Debug|iPhone.Build.0 = Debug|Any CPU
		{FCF004E8-F40A-431A-A06A-27FDC4F80845}.Debug|iPhoneSimulator.ActiveCfg = Debug|Any CPU
		{FCF004E8-F40A-431A-A06A-27FDC4F80845}.Debug|iPhoneSimulator.Build.0 = Debug|Any CPU
		{FCF004E8-F40A-431A-A06A-27FDC4F80845}.Debug|x86.ActiveCfg = Debug|Any CPU
		{FCF004E8-F40A-431A-A06A-27FDC4F80845}.Debug|x86.Build.0 = Debug|Any CPU
		{FCF004E8-F40A-431A-A06A-27FDC4F80845}.Release|Any CPU.ActiveCfg = Release|Any CPU
		{FCF004E8-F40A-431A-A06A-27FDC4F80845}.Release|Any CPU.Build.0 = Release|Any CPU
		{FCF004E8-F40A-431A-A06A-27FDC4F80845}.Release|ARM.ActiveCfg = Release|Any CPU
		{FCF004E8-F40A-431A-A06A-27FDC4F80845}.Release|ARM.Build.0 = Release|Any CPU
		{FCF004E8-F40A-431A-A06A-27FDC4F80845}.Release|iPhone.ActiveCfg = Release|Any CPU
		{FCF004E8-F40A-431A-A06A-27FDC4F80845}.Release|iPhone.Build.0 = Release|Any CPU
		{FCF004E8-F40A-431A-A06A-27FDC4F80845}.Release|iPhoneSimulator.ActiveCfg = Release|Any CPU
		{FCF004E8-F40A-431A-A06A-27FDC4F80845}.Release|iPhoneSimulator.Build.0 = Release|Any CPU
		{FCF004E8-F40A-431A-A06A-27FDC4F80845}.Release|x86.ActiveCfg = Release|Any CPU
		{FCF004E8-F40A-431A-A06A-27FDC4F80845}.Release|x86.Build.0 = Release|Any CPU
	EndGlobalSection
	GlobalSection(SolutionProperties) = preSolution
		HideSolutionNode = FALSE
	EndGlobalSection
	GlobalSection(NestedProjects) = preSolution
		{39DA51D3-0236-4054-B35C-B0E0898DC19B} = {04299BDA-D784-441A-BA3B-7D0F9D179555}
		{27FBD08C-E027-4B6F-AD1D-B64D536FCB7B} = {04299BDA-D784-441A-BA3B-7D0F9D179555}
		{DB8BD47D-C47F-4E66-8A86-9D70A812CA8F} = {04299BDA-D784-441A-BA3B-7D0F9D179555}
		{BA85CFBC-18C1-4523-919F-7DB323AC0FDB} = {04299BDA-D784-441A-BA3B-7D0F9D179555}
	EndGlobalSection
EndGlobal
